
Microsoft Visual Studio Solution File, Format Version 12.00
# Visual Studio Version 17
VisualStudioVersion = 17.4.33103.184
MinimumVisualStudioVersion = 10.0.40219.1
Project("{2150E333-8FDC-42A3-9474-1A3956D46DE8}") = "Services", "Services", "{72627C70-C0ED-4657-9F23-98E75863E55E}"
EndProject
Project("{2150E333-8FDC-42A3-9474-1A3956D46DE8}") = "Catalog", "Catalog", "{90F2C785-7DE1-468D-B74D-C1FA29E022EB}"
EndProject
Project("{9A19103F-16F7-4668-BE54-9A1E7A4F7556}") = "FreeCourse.Services.Catalog", "Services\Catalog\FreeCourse.Services.Catalog\FreeCourse.Services.Catalog.csproj", "{378AA786-2CE4-492C-8AE5-5BD56F41EEAC}"
EndProject
Project("{2150E333-8FDC-42A3-9474-1A3956D46DE8}") = "Solution Items", "Solution Items", "{41EB4CC4-86EA-47C9-A605-C1B621670F2D}"
	ProjectSection(SolutionItems) = preProject
		Ports.txt = Ports.txt
		UsernamesAndPasswords.txt = UsernamesAndPasswords.txt
	EndProjectSection
EndProject
Project("{2150E333-8FDC-42A3-9474-1A3956D46DE8}") = "Shared", "Shared", "{B15F672F-AFC0-47C8-B275-FE5846E63543}"
EndProject
Project("{9A19103F-16F7-4668-BE54-9A1E7A4F7556}") = "FreeCourse.Shared", "Shared\FreeCourse.Shared\FreeCourse.Shared.csproj", "{94FD5BD3-1855-4095-8190-4B48A10AC29D}"
EndProject
Project("{2150E333-8FDC-42A3-9474-1A3956D46DE8}") = "IdentityServer", "IdentityServer", "{ECC592D9-6F6E-4217-A18B-4E3B176DDEE8}"
EndProject
Project("{9A19103F-16F7-4668-BE54-9A1E7A4F7556}") = "FreeCourse.IdentityServer", "IdentityServer\FreeCourse.IdentityServer\FreeCourse.IdentityServer.csproj", "{6313BB86-2943-4CA8-8889-A5744489964C}"
EndProject
Project("{2150E333-8FDC-42A3-9474-1A3956D46DE8}") = "PhotoStock", "PhotoStock", "{AA3CD750-EFC8-4E6F-B2E7-CE41BDAB41E3}"
EndProject
Project("{9A19103F-16F7-4668-BE54-9A1E7A4F7556}") = "FreeCourse.Services.PhotoStock", "Services\PhotoStock\FreeCourse.Services.PhotoStock\FreeCourse.Services.PhotoStock.csproj", "{EF81CCBA-1AAD-4BDF-A9B1-93F747660772}"
EndProject
Project("{2150E333-8FDC-42A3-9474-1A3956D46DE8}") = "Basket", "Basket", "{530B2FF3-4938-49BC-8735-1C1200725EB3}"
EndProject
Project("{FAE04EC0-301F-11D3-BF4B-00C04F79EFBC}") = "FreeCourse.Services.Basket", "Services\Basket\FreeCourse.Services.Basket\FreeCourse.Services.Basket.csproj", "{1B381B41-4937-4A22-909A-488F5DDB18B7}"
EndProject
Global
	GlobalSection(SolutionConfigurationPlatforms) = preSolution
		Debug|Any CPU = Debug|Any CPU
		Release|Any CPU = Release|Any CPU
	EndGlobalSection
	GlobalSection(ProjectConfigurationPlatforms) = postSolution
		{378AA786-2CE4-492C-8AE5-5BD56F41EEAC}.Debug|Any CPU.ActiveCfg = Debug|Any CPU
		{378AA786-2CE4-492C-8AE5-5BD56F41EEAC}.Debug|Any CPU.Build.0 = Debug|Any CPU
		{378AA786-2CE4-492C-8AE5-5BD56F41EEAC}.Release|Any CPU.ActiveCfg = Release|Any CPU
		{378AA786-2CE4-492C-8AE5-5BD56F41EEAC}.Release|Any CPU.Build.0 = Release|Any CPU
		{94FD5BD3-1855-4095-8190-4B48A10AC29D}.Debug|Any CPU.ActiveCfg = Debug|Any CPU
		{94FD5BD3-1855-4095-8190-4B48A10AC29D}.Debug|Any CPU.Build.0 = Debug|Any CPU
		{94FD5BD3-1855-4095-8190-4B48A10AC29D}.Release|Any CPU.ActiveCfg = Release|Any CPU
		{94FD5BD3-1855-4095-8190-4B48A10AC29D}.Release|Any CPU.Build.0 = Release|Any CPU
		{6313BB86-2943-4CA8-8889-A5744489964C}.Debug|Any CPU.ActiveCfg = Debug|Any CPU
		{6313BB86-2943-4CA8-8889-A5744489964C}.Debug|Any CPU.Build.0 = Debug|Any CPU
		{6313BB86-2943-4CA8-8889-A5744489964C}.Release|Any CPU.ActiveCfg = Release|Any CPU
		{6313BB86-2943-4CA8-8889-A5744489964C}.Release|Any CPU.Build.0 = Release|Any CPU
		{EF81CCBA-1AAD-4BDF-A9B1-93F747660772}.Debug|Any CPU.ActiveCfg = Debug|Any CPU
		{EF81CCBA-1AAD-4BDF-A9B1-93F747660772}.Debug|Any CPU.Build.0 = Debug|Any CPU
		{EF81CCBA-1AAD-4BDF-A9B1-93F747660772}.Release|Any CPU.ActiveCfg = Release|Any CPU
		{EF81CCBA-1AAD-4BDF-A9B1-93F747660772}.Release|Any CPU.Build.0 = Release|Any CPU
		{1B381B41-4937-4A22-909A-488F5DDB18B7}.Debug|Any CPU.ActiveCfg = Debug|Any CPU
		{1B381B41-4937-4A22-909A-488F5DDB18B7}.Debug|Any CPU.Build.0 = Debug|Any CPU
		{1B381B41-4937-4A22-909A-488F5DDB18B7}.Release|Any CPU.ActiveCfg = Release|Any CPU
		{1B381B41-4937-4A22-909A-488F5DDB18B7}.Release|Any CPU.Build.0 = Release|Any CPU
	EndGlobalSection
	GlobalSection(SolutionProperties) = preSolution
		HideSolutionNode = FALSE
	EndGlobalSection
	GlobalSection(NestedProjects) = preSolution
		{90F2C785-7DE1-468D-B74D-C1FA29E022EB} = {72627C70-C0ED-4657-9F23-98E75863E55E}
		{378AA786-2CE4-492C-8AE5-5BD56F41EEAC} = {90F2C785-7DE1-468D-B74D-C1FA29E022EB}
		{94FD5BD3-1855-4095-8190-4B48A10AC29D} = {B15F672F-AFC0-47C8-B275-FE5846E63543}
		{6313BB86-2943-4CA8-8889-A5744489964C} = {ECC592D9-6F6E-4217-A18B-4E3B176DDEE8}
		{AA3CD750-EFC8-4E6F-B2E7-CE41BDAB41E3} = {72627C70-C0ED-4657-9F23-98E75863E55E}
		{EF81CCBA-1AAD-4BDF-A9B1-93F747660772} = {AA3CD750-EFC8-4E6F-B2E7-CE41BDAB41E3}
		{530B2FF3-4938-49BC-8735-1C1200725EB3} = {72627C70-C0ED-4657-9F23-98E75863E55E}
		{1B381B41-4937-4A22-909A-488F5DDB18B7} = {530B2FF3-4938-49BC-8735-1C1200725EB3}
	EndGlobalSection
	GlobalSection(ExtensibilityGlobals) = postSolution
		SolutionGuid = {75D7A398-7B0F-4568-9AFF-31A322E5E95A}
	EndGlobalSection
EndGlobal
