
Microsoft Visual Studio Solution File, Format Version 12.00
# Visual Studio Version 17
VisualStudioVersion = 17.4.33103.184
MinimumVisualStudioVersion = 10.0.40219.1
Project("{2150E333-8FDC-42A3-9474-1A3956D46DE8}") = "Services", "Services", "{72627C70-C0ED-4657-9F23-98E75863E55E}"
EndProject
Project("{2150E333-8FDC-42A3-9474-1A3956D46DE8}") = "Catalog", "Catalog", "{90F2C785-7DE1-468D-B74D-C1FA29E022EB}"
EndProject
Project("{9A19103F-16F7-4668-BE54-9A1E7A4F7556}") = "FreeCourse.Services.Catalog", "Services\Catalog\FreeCourse.Services.Catalog\FreeCourse.Services.Catalog.csproj", "{378AA786-2CE4-492C-8AE5-5BD56F41EEAC}"
EndProject
Project("{2150E333-8FDC-42A3-9474-1A3956D46DE8}") = "Solution Items", "Solution Items", "{41EB4CC4-86EA-47C9-A605-C1B621670F2D}"
	ProjectSection(SolutionItems) = preProject
		.editorconfig = .editorconfig
		Ports.txt = Ports.txt
		UsernamesAndPasswords.txt = UsernamesAndPasswords.txt
	EndProjectSection
EndProject
Project("{2150E333-8FDC-42A3-9474-1A3956D46DE8}") = "Shared", "Shared", "{B15F672F-AFC0-47C8-B275-FE5846E63543}"
EndProject
Project("{9A19103F-16F7-4668-BE54-9A1E7A4F7556}") = "FreeCourse.Shared", "Shared\FreeCourse.Shared\FreeCourse.Shared.csproj", "{94FD5BD3-1855-4095-8190-4B48A10AC29D}"
EndProject
Project("{2150E333-8FDC-42A3-9474-1A3956D46DE8}") = "IdentityServer", "IdentityServer", "{ECC592D9-6F6E-4217-A18B-4E3B176DDEE8}"
EndProject
Project("{9A19103F-16F7-4668-BE54-9A1E7A4F7556}") = "FreeCourse.IdentityServer", "IdentityServer\FreeCourse.IdentityServer\FreeCourse.IdentityServer.csproj", "{6313BB86-2943-4CA8-8889-A5744489964C}"
EndProject
Project("{2150E333-8FDC-42A3-9474-1A3956D46DE8}") = "PhotoStock", "PhotoStock", "{AA3CD750-EFC8-4E6F-B2E7-CE41BDAB41E3}"
EndProject
Project("{9A19103F-16F7-4668-BE54-9A1E7A4F7556}") = "FreeCourse.Services.PhotoStock", "Services\PhotoStock\FreeCourse.Services.PhotoStock\FreeCourse.Services.PhotoStock.csproj", "{EF81CCBA-1AAD-4BDF-A9B1-93F747660772}"
EndProject
Project("{2150E333-8FDC-42A3-9474-1A3956D46DE8}") = "Basket", "Basket", "{530B2FF3-4938-49BC-8735-1C1200725EB3}"
EndProject
Project("{9A19103F-16F7-4668-BE54-9A1E7A4F7556}") = "FreeCourse.Services.Basket", "Services\Basket\FreeCourse.Services.Basket\FreeCourse.Services.Basket.csproj", "{1B381B41-4937-4A22-909A-488F5DDB18B7}"
EndProject
Project("{2150E333-8FDC-42A3-9474-1A3956D46DE8}") = "Discount", "Discount", "{AC1B991C-CB88-430F-85A9-E89D6B75D09C}"
EndProject
Project("{9A19103F-16F7-4668-BE54-9A1E7A4F7556}") = "FreeCourse.Services.Discount", "Services\Discount\FreeCourse.Services.Discount\FreeCourse.Services.Discount.csproj", "{C252E061-61E5-4E01-A912-7D6D976BF6C2}"
EndProject
Project("{2150E333-8FDC-42A3-9474-1A3956D46DE8}") = "Order", "Order", "{6161E919-D698-4BF0-BD07-CA3A3AEB8966}"
EndProject
Project("{FAE04EC0-301F-11D3-BF4B-00C04F79EFBC}") = "FreeCourse.Services.Order.API", "Services\Order\FreeCourse.Services.Order.API\FreeCourse.Services.Order.API.csproj", "{C2BD7F7B-0137-4592-9A0D-0CB37EBA753D}"
EndProject
Project("{FAE04EC0-301F-11D3-BF4B-00C04F79EFBC}") = "FreeCourse.Services.Order.Application", "Services\Order\FreeCourse.Services.Order.Application\FreeCourse.Services.Order.Application.csproj", "{E97C0D2D-F2C7-41E4-BF95-61A9073D89A7}"
EndProject
Project("{FAE04EC0-301F-11D3-BF4B-00C04F79EFBC}") = "FreeCourse.Services.Order.Domain", "Services\Order\FreeCourse.Services.Order.Domain\FreeCourse.Services.Order.Domain.csproj", "{B3F4EFDA-009E-44AC-B5D3-593128016BD0}"
EndProject
Project("{FAE04EC0-301F-11D3-BF4B-00C04F79EFBC}") = "FreeCourse.Services.Order.Domain.Core", "Services\Order\FreeCourse.Services.Order.Domain.Core\FreeCourse.Services.Order.Domain.Core.csproj", "{9F4BC3B1-5FDD-45D5-8D5B-610CA7D784ED}"
EndProject
Project("{FAE04EC0-301F-11D3-BF4B-00C04F79EFBC}") = "FreeCourse.Services.Order.Infrastructure", "Services\Order\FreeCourse.Services.Order.Infrastructure\FreeCourse.Services.Order.Infrastructure.csproj", "{3D6BDA5E-AB81-4D5F-A079-B6249BCDBDAB}"
EndProject
Global
	GlobalSection(SolutionConfigurationPlatforms) = preSolution
		Debug|Any CPU = Debug|Any CPU
		Release|Any CPU = Release|Any CPU
	EndGlobalSection
	GlobalSection(ProjectConfigurationPlatforms) = postSolution
		{378AA786-2CE4-492C-8AE5-5BD56F41EEAC}.Debug|Any CPU.ActiveCfg = Debug|Any CPU
		{378AA786-2CE4-492C-8AE5-5BD56F41EEAC}.Debug|Any CPU.Build.0 = Debug|Any CPU
		{378AA786-2CE4-492C-8AE5-5BD56F41EEAC}.Release|Any CPU.ActiveCfg = Release|Any CPU
		{378AA786-2CE4-492C-8AE5-5BD56F41EEAC}.Release|Any CPU.Build.0 = Release|Any CPU
		{94FD5BD3-1855-4095-8190-4B48A10AC29D}.Debug|Any CPU.ActiveCfg = Debug|Any CPU
		{94FD5BD3-1855-4095-8190-4B48A10AC29D}.Debug|Any CPU.Build.0 = Debug|Any CPU
		{94FD5BD3-1855-4095-8190-4B48A10AC29D}.Release|Any CPU.ActiveCfg = Release|Any CPU
		{94FD5BD3-1855-4095-8190-4B48A10AC29D}.Release|Any CPU.Build.0 = Release|Any CPU
		{6313BB86-2943-4CA8-8889-A5744489964C}.Debug|Any CPU.ActiveCfg = Debug|Any CPU
		{6313BB86-2943-4CA8-8889-A5744489964C}.Debug|Any CPU.Build.0 = Debug|Any CPU
		{6313BB86-2943-4CA8-8889-A5744489964C}.Release|Any CPU.ActiveCfg = Release|Any CPU
		{6313BB86-2943-4CA8-8889-A5744489964C}.Release|Any CPU.Build.0 = Release|Any CPU
		{EF81CCBA-1AAD-4BDF-A9B1-93F747660772}.Debug|Any CPU.ActiveCfg = Debug|Any CPU
		{EF81CCBA-1AAD-4BDF-A9B1-93F747660772}.Debug|Any CPU.Build.0 = Debug|Any CPU
		{EF81CCBA-1AAD-4BDF-A9B1-93F747660772}.Release|Any CPU.ActiveCfg = Release|Any CPU
		{EF81CCBA-1AAD-4BDF-A9B1-93F747660772}.Release|Any CPU.Build.0 = Release|Any CPU
		{1B381B41-4937-4A22-909A-488F5DDB18B7}.Debug|Any CPU.ActiveCfg = Debug|Any CPU
		{1B381B41-4937-4A22-909A-488F5DDB18B7}.Debug|Any CPU.Build.0 = Debug|Any CPU
		{1B381B41-4937-4A22-909A-488F5DDB18B7}.Release|Any CPU.ActiveCfg = Release|Any CPU
		{1B381B41-4937-4A22-909A-488F5DDB18B7}.Release|Any CPU.Build.0 = Release|Any CPU
		{C252E061-61E5-4E01-A912-7D6D976BF6C2}.Debug|Any CPU.ActiveCfg = Debug|Any CPU
		{C252E061-61E5-4E01-A912-7D6D976BF6C2}.Debug|Any CPU.Build.0 = Debug|Any CPU
		{C252E061-61E5-4E01-A912-7D6D976BF6C2}.Release|Any CPU.ActiveCfg = Release|Any CPU
		{C252E061-61E5-4E01-A912-7D6D976BF6C2}.Release|Any CPU.Build.0 = Release|Any CPU
		{C2BD7F7B-0137-4592-9A0D-0CB37EBA753D}.Debug|Any CPU.ActiveCfg = Debug|Any CPU
		{C2BD7F7B-0137-4592-9A0D-0CB37EBA753D}.Debug|Any CPU.Build.0 = Debug|Any CPU
		{C2BD7F7B-0137-4592-9A0D-0CB37EBA753D}.Release|Any CPU.ActiveCfg = Release|Any CPU
		{C2BD7F7B-0137-4592-9A0D-0CB37EBA753D}.Release|Any CPU.Build.0 = Release|Any CPU
		{E97C0D2D-F2C7-41E4-BF95-61A9073D89A7}.Debug|Any CPU.ActiveCfg = Debug|Any CPU
		{E97C0D2D-F2C7-41E4-BF95-61A9073D89A7}.Debug|Any CPU.Build.0 = Debug|Any CPU
		{E97C0D2D-F2C7-41E4-BF95-61A9073D89A7}.Release|Any CPU.ActiveCfg = Release|Any CPU
		{E97C0D2D-F2C7-41E4-BF95-61A9073D89A7}.Release|Any CPU.Build.0 = Release|Any CPU
		{B3F4EFDA-009E-44AC-B5D3-593128016BD0}.Debug|Any CPU.ActiveCfg = Debug|Any CPU
		{B3F4EFDA-009E-44AC-B5D3-593128016BD0}.Debug|Any CPU.Build.0 = Debug|Any CPU
		{B3F4EFDA-009E-44AC-B5D3-593128016BD0}.Release|Any CPU.ActiveCfg = Release|Any CPU
		{B3F4EFDA-009E-44AC-B5D3-593128016BD0}.Release|Any CPU.Build.0 = Release|Any CPU
		{9F4BC3B1-5FDD-45D5-8D5B-610CA7D784ED}.Debug|Any CPU.ActiveCfg = Debug|Any CPU
		{9F4BC3B1-5FDD-45D5-8D5B-610CA7D784ED}.Debug|Any CPU.Build.0 = Debug|Any CPU
		{9F4BC3B1-5FDD-45D5-8D5B-610CA7D784ED}.Release|Any CPU.ActiveCfg = Release|Any CPU
		{9F4BC3B1-5FDD-45D5-8D5B-610CA7D784ED}.Release|Any CPU.Build.0 = Release|Any CPU
		{3D6BDA5E-AB81-4D5F-A079-B6249BCDBDAB}.Debug|Any CPU.ActiveCfg = Debug|Any CPU
		{3D6BDA5E-AB81-4D5F-A079-B6249BCDBDAB}.Debug|Any CPU.Build.0 = Debug|Any CPU
		{3D6BDA5E-AB81-4D5F-A079-B6249BCDBDAB}.Release|Any CPU.ActiveCfg = Release|Any CPU
		{3D6BDA5E-AB81-4D5F-A079-B6249BCDBDAB}.Release|Any CPU.Build.0 = Release|Any CPU
	EndGlobalSection
	GlobalSection(SolutionProperties) = preSolution
		HideSolutionNode = FALSE
	EndGlobalSection
	GlobalSection(NestedProjects) = preSolution
		{90F2C785-7DE1-468D-B74D-C1FA29E022EB} = {72627C70-C0ED-4657-9F23-98E75863E55E}
		{378AA786-2CE4-492C-8AE5-5BD56F41EEAC} = {90F2C785-7DE1-468D-B74D-C1FA29E022EB}
		{94FD5BD3-1855-4095-8190-4B48A10AC29D} = {B15F672F-AFC0-47C8-B275-FE5846E63543}
		{6313BB86-2943-4CA8-8889-A5744489964C} = {ECC592D9-6F6E-4217-A18B-4E3B176DDEE8}
		{AA3CD750-EFC8-4E6F-B2E7-CE41BDAB41E3} = {72627C70-C0ED-4657-9F23-98E75863E55E}
		{EF81CCBA-1AAD-4BDF-A9B1-93F747660772} = {AA3CD750-EFC8-4E6F-B2E7-CE41BDAB41E3}
		{530B2FF3-4938-49BC-8735-1C1200725EB3} = {72627C70-C0ED-4657-9F23-98E75863E55E}
		{1B381B41-4937-4A22-909A-488F5DDB18B7} = {530B2FF3-4938-49BC-8735-1C1200725EB3}
		{AC1B991C-CB88-430F-85A9-E89D6B75D09C} = {72627C70-C0ED-4657-9F23-98E75863E55E}
		{C252E061-61E5-4E01-A912-7D6D976BF6C2} = {AC1B991C-CB88-430F-85A9-E89D6B75D09C}
		{6161E919-D698-4BF0-BD07-CA3A3AEB8966} = {72627C70-C0ED-4657-9F23-98E75863E55E}
		{C2BD7F7B-0137-4592-9A0D-0CB37EBA753D} = {6161E919-D698-4BF0-BD07-CA3A3AEB8966}
		{E97C0D2D-F2C7-41E4-BF95-61A9073D89A7} = {6161E919-D698-4BF0-BD07-CA3A3AEB8966}
		{B3F4EFDA-009E-44AC-B5D3-593128016BD0} = {6161E919-D698-4BF0-BD07-CA3A3AEB8966}
		{9F4BC3B1-5FDD-45D5-8D5B-610CA7D784ED} = {6161E919-D698-4BF0-BD07-CA3A3AEB8966}
		{3D6BDA5E-AB81-4D5F-A079-B6249BCDBDAB} = {6161E919-D698-4BF0-BD07-CA3A3AEB8966}
	EndGlobalSection
	GlobalSection(ExtensibilityGlobals) = postSolution
		SolutionGuid = {75D7A398-7B0F-4568-9AFF-31A322E5E95A}
	EndGlobalSection
EndGlobal
